// !$*UTF8*$!
{
	archiveVersion = 1;
	classes = {
	};
	objectVersion = 46;
	objects = {

/* Begin PBXBuildFile section */
		EA8F258A1E96F4330099597B /* main.m in Sources */ = {isa = PBXBuildFile; fileRef = EA8F25891E96F4330099597B /* main.m */; };
		EA8F258D1E96F4330099597B /* AppDelegate.m in Sources */ = {isa = PBXBuildFile; fileRef = EA8F258C1E96F4330099597B /* AppDelegate.m */; };
		EA8F25901E96F4330099597B /* ViewController.m in Sources */ = {isa = PBXBuildFile; fileRef = EA8F258F1E96F4330099597B /* ViewController.m */; };
		EA8F25931E96F4330099597B /* Main.storyboard in Resources */ = {isa = PBXBuildFile; fileRef = EA8F25911E96F4330099597B /* Main.storyboard */; };
		EA8F25951E96F4330099597B /* Assets.xcassets in Resources */ = {isa = PBXBuildFile; fileRef = EA8F25941E96F4330099597B /* Assets.xcassets */; };
		EA8F25981E96F4330099597B /* LaunchScreen.storyboard in Resources */ = {isa = PBXBuildFile; fileRef = EA8F25961E96F4330099597B /* LaunchScreen.storyboard */; };
/* End PBXBuildFile section */

/* Begin PBXFileReference section */
		EA8F25851E96F4330099597B /* UITableViewControlButton.app */ = {isa = PBXFileReference; explicitFileType = wrapper.application; includeInIndex = 0; path = UITableViewControlButton.app; sourceTree = BUILT_PRODUCTS_DIR; };
		EA8F25891E96F4330099597B /* main.m */ = {isa = PBXFileReference; lastKnownFileType = sourcecode.c.objc; path = main.m; sourceTree = "<group>"; };
		EA8F258B1E96F4330099597B /* AppDelegate.h */ = {isa = PBXFileReference; lastKnownFileType = sourcecode.c.h; path = AppDelegate.h; sourceTree = "<group>"; };
		EA8F258C1E96F4330099597B /* AppDelegate.m */ = {isa = PBXFileReference; lastKnownFileType = sourcecode.c.objc; path = AppDelegate.m; sourceTree = "<group>"; };
		EA8F258E1E96F4330099597B /* ViewController.h */ = {isa = PBXFileReference; lastKnownFileType = sourcecode.c.h; path = ViewController.h; sourceTree = "<group>"; };
		EA8F258F1E96F4330099597B /* ViewController.m */ = {isa = PBXFileReference; lastKnownFileType = sourcecode.c.objc; path = ViewController.m; sourceTree = "<group>"; };
		EA8F25921E96F4330099597B /* Base */ = {isa = PBXFileReference; lastKnownFileType = file.storyboard; name = Base; path = Base.lproj/Main.storyboard; sourceTree = "<group>"; };
		EA8F25941E96F4330099597B /* Assets.xcassets */ = {isa = PBXFileReference; lastKnownFileType = folder.assetcatalog; path = Assets.xcassets; sourceTree = "<group>"; };
		EA8F25971E96F4330099597B /* Base */ = {isa = PBXFileReference; lastKnownFileType = file.storyboard; name = Base; path = Base.lproj/LaunchScreen.storyboard; sourceTree = "<group>"; };
		EA8F25991E96F4330099597B /* Info.plist */ = {isa = PBXFileReference; lastKnownFileType = text.plist.xml; path = Info.plist; sourceTree = "<group>"; };
/* End PBXFileReference section */

/* Begin PBXFrameworksBuildPhase section */
		EA8F25821E96F4330099597B /* Frameworks */ = {
			isa = PBXFrameworksBuildPhase;
			buildActionMask = 2147483647;
			files = (
			);
			runOnlyForDeploymentPostprocessing = 0;
		};
/* End PBXFrameworksBuildPhase section */

/* Begin PBXGroup section */
		EA8F257C1E96F4330099597B = {
			isa = PBXGroup;
			children = (
				EA8F25871E96F4330099597B /* UITableViewControlButton */,
				EA8F25861E96F4330099597B /* Products */,
			);
			sourceTree = "<group>";
		};
		EA8F25861E96F4330099597B /* Products */ = {
			isa = PBXGroup;
			children = (
				EA8F25851E96F4330099597B /* UITableViewControlButton.app */,
			);
			name = Products;
			sourceTree = "<group>";
		};
		EA8F25871E96F4330099597B /* UITableViewControlButton */ = {
			isa = PBXGroup;
			children = (
				EA8F258B1E96F4330099597B /* AppDelegate.h */,
				EA8F258C1E96F4330099597B /* AppDelegate.m */,
				EA8F258E1E96F4330099597B /* ViewController.h */,
				EA8F258F1E96F4330099597B /* ViewController.m */,
				EA8F25911E96F4330099597B /* Main.storyboard */,
				EA8F25941E96F4330099597B /* Assets.xcassets */,
				EA8F25961E96F4330099597B /* LaunchScreen.storyboard */,
				EA8F25991E96F4330099597B /* Info.plist */,
				EA8F25881E96F4330099597B /* Supporting Files */,
			);
			path = UITableViewControlButton;
			sourceTree = "<group>";
		};
		EA8F25881E96F4330099597B /* Supporting Files */ = {
			isa = PBXGroup;
			children = (
				EA8F25891E96F4330099597B /* main.m */,
			);
			name = "Supporting Files";
			sourceTree = "<group>";
		};
/* End PBXGroup section */

/* Begin PBXNativeTarget section */
		EA8F25841E96F4330099597B /* UITableViewControlButton */ = {
			isa = PBXNativeTarget;
			buildConfigurationList = EA8F259C1E96F4330099597B /* Build configuration list for PBXNativeTarget "UITableViewControlButton" */;
			buildPhases = (
				EA8F25811E96F4330099597B /* Sources */,
				EA8F25821E96F4330099597B /* Frameworks */,
				EA8F25831E96F4330099597B /* Resources */,
			);
			buildRules = (
			);
			dependencies = (
			);
			name = UITableViewControlButton;
			productName = UITableViewControlButton;
			productReference = EA8F25851E96F4330099597B /* UITableViewControlButton.app */;
			productType = "com.apple.product-type.application";
		};
/* End PBXNativeTarget section */

/* Begin PBXProject section */
		EA8F257D1E96F4330099597B /* Project object */ = {
			isa = PBXProject;
			attributes = {
				LastUpgradeCheck = 0830;
				ORGANIZATIONNAME = oneofai;
				TargetAttributes = {
					EA8F25841E96F4330099597B = {
						CreatedOnToolsVersion = 8.3.1;
						ProvisioningStyle = Automatic;
					};
				};
			};
			buildConfigurationList = EA8F25801E96F4330099597B /* Build configuration list for PBXProject "UITableViewControlButton" */;
			compatibilityVersion = "Xcode 3.2";
			developmentRegion = English;
			hasScannedForEncodings = 0;
			knownRegions = (
				en,
				Base,
			);
			mainGroup = EA8F257C1E96F4330099597B;
			productRefGroup = EA8F25861E96F4330099597B /* Products */;
			projectDirPath = "";
			projectRoot = "";
			targets = (
				EA8F25841E96F4330099597B /* UITableViewControlButton */,
			);
		};
/* End PBXProject section */

/* Begin PBXResourcesBuildPhase section */
		EA8F25831E96F4330099597B /* Resources */ = {
			isa = PBXResourcesBuildPhase;
			buildActionMask = 2147483647;
			files = (
				EA8F25981E96F4330099597B /* LaunchScreen.storyboard in Resources */,
				EA8F25951E96F4330099597B /* Assets.xcassets in Resources */,
				EA8F25931E96F4330099597B /* Main.storyboard in Resources */,
			);
			runOnlyForDeploymentPostprocessing = 0;
		};
/* End PBXResourcesBuildPhase section */

/* Begin PBXSourcesBuildPhase section */
		EA8F25811E96F4330099597B /* Sources */ = {
			isa = PBXSourcesBuildPhase;
			buildActionMask = 2147483647;
			files = (
				EA8F25901E96F4330099597B /* ViewController.m in Sources */,
				EA8F258D1E96F4330099597B /* AppDelegate.m in Sources */,
				EA8F258A1E96F4330099597B /* main.m in Sources */,
			);
			runOnlyForDeploymentPostprocessing = 0;
		};
/* End PBXSourcesBuildPhase section */

/* Begin PBXVariantGroup section */
		EA8F25911E96F4330099597B /* Main.storyboard */ = {
			isa = PBXVariantGroup;
			children = (
				EA8F25921E96F4330099597B /* Base */,
			);
			name = Main.storyboard;
			sourceTree = "<group>";
		};
		EA8F25961E96F4330099597B /* LaunchScreen.storyboard */ = {
			isa = PBXVariantGroup;
			children = (
				EA8F25971E96F4330099597B /* Base */,
			);
			name = LaunchScreen.storyboard;
			sourceTree = "<group>";
		};
/* End PBXVariantGroup section */

/* Begin XCBuildConfiguration section */
		EA8F259A1E96F4330099597B /* Debug */ = {
			isa = XCBuildConfiguration;
			buildSettings = {
				ALWAYS_SEARCH_USER_PATHS = NO;
				CLANG_ANALYZER_NONNULL = YES;
				CLANG_ANALYZER_NUMBER_OBJECT_CONVERSION = YES_AGGRESSIVE;
				CLANG_CXX_LANGUAGE_STANDARD = "gnu++0x";
				CLANG_CXX_LIBRARY = "libc++";
				CLANG_ENABLE_MODULES = YES;
				CLANG_ENABLE_OBJC_ARC = YES;
				CLANG_WARN_BOOL_CONVERSION = YES;
				CLANG_WARN_CONSTANT_CONVERSION = YES;
				CLANG_WARN_DIRECT_OBJC_ISA_USAGE = YES_ERROR;
				CLANG_WARN_DOCUMENTATION_COMMENTS = YES;
				CLANG_WARN_EMPTY_BODY = YES;
				CLANG_WARN_ENUM_CONVERSION = YES;
				CLANG_WARN_INFINITE_RECURSION = YES;
				CLANG_WARN_INT_CONVERSION = YES;
				CLANG_WARN_OBJC_ROOT_CLASS = YES_ERROR;
				CLANG_WARN_SUSPICIOUS_MOVE = YES;
				CLANG_WARN_UNREACHABLE_CODE = YES;
				CLANG_WARN__DUPLICATE_METHOD_MATCH = YES;
				"CODE_SIGN_IDENTITY[sdk=iphoneos*]" = "iPhone Developer";
				COPY_PHASE_STRIP = NO;
				DEBUG_INFORMATION_FORMAT = dwarf;
				ENABLE_STRICT_OBJC_MSGSEND = YES;
				ENABLE_TESTABILITY = YES;
				GCC_C_LANGUAGE_STANDARD = gnu99;
				GCC_DYNAMIC_NO_PIC = NO;
				GCC_NO_COMMON_BLOCKS = YES;
				GCC_OPTIMIZATION_LEVEL = 0;
				GCC_PREPROCESSOR_DEFINITIONS = (
					"DEBUG=1",
					"$(inherited)",
				);
				GCC_WARN_64_TO_32_BIT_CONVERSION = YES;
				GCC_WARN_ABOUT_RETURN_TYPE = YES_ERROR;
				GCC_WARN_UNDECLARED_SELECTOR = YES;
				GCC_WARN_UNINITIALIZED_AUTOS = YES_AGGRESSIVE;
				GCC_WARN_UNUSED_FUNCTION = YES;
				GCC_WARN_UNUSED_VARIABLE = YES;
				IPHONEOS_DEPLOYMENT_TARGET = 10.3;
				MTL_ENABLE_DEBUG_INFO = YES;
				ONLY_ACTIVE_ARCH = YES;
				SDKROOT = iphoneos;
			};
			name = Debug;
		};
		EA8F259B1E96F4330099597B /* Release */ = {
			isa = XCBuildConfiguration;
			buildSettings = {
				ALWAYS_SEARCH_USER_PATHS = NO;
				CLANG_ANALYZER_NONNULL = YES;
				CLANG_ANALYZER_NUMBER_OBJECT_CONVERSION = YES_AGGRESSIVE;
				CLANG_CXX_LANGUAGE_STANDARD = "gnu++0x";
				CLANG_CXX_LIBRARY = "libc++";
				CLANG_ENABLE_MODULES = YES;
				CLANG_ENABLE_OBJC_ARC = YES;
				CLANG_WARN_BOOL_CONVERSION = YES;
				CLANG_WARN_CONSTANT_CONVERSION = YES;
				CLANG_WARN_DIRECT_OBJC_ISA_USAGE = YES_ERROR;
				CLANG_WARN_DOCUMENTATION_COMMENTS = YES;
				CLANG_WARN_EMPTY_BODY = YES;
				CLANG_WARN_ENUM_CONVERSION = YES;
				CLANG_WARN_INFINITE_RECURSION = YES;
				CLANG_WARN_INT_CONVERSION = YES;
				CLANG_WARN_OBJC_ROOT_CLASS = YES_ERROR;
				CLANG_WARN_SUSPICIOUS_MOVE = YES;
				CLANG_WARN_UNREACHABLE_CODE = YES;
				CLANG_WARN__DUPLICATE_METHOD_MATCH = YES;
				"CODE_SIGN_IDENTITY[sdk=iphoneos*]" = "iPhone Developer";
				COPY_PHASE_STRIP = NO;
				DEBUG_INFORMATION_FORMAT = "dwarf-with-dsym";
				ENABLE_NS_ASSERTIONS = NO;
				ENABLE_STRICT_OBJC_MSGSEND = YES;
				GCC_C_LANGUAGE_STANDARD = gnu99;
				GCC_NO_COMMON_BLOCKS = YES;
				GCC_WARN_64_TO_32_BIT_CONVERSION = YES;
				GCC_WARN_ABOUT_RETURN_TYPE = YES_ERROR;
				GCC_WARN_UNDECLARED_SELECTOR = YES;
				GCC_WARN_UNINITIALIZED_AUTOS = YES_AGGRESSIVE;
				GCC_WARN_UNUSED_FUNCTION = YES;
				GCC_WARN_UNUSED_VARIABLE = YES;
				IPHONEOS_DEPLOYMENT_TARGET = 10.3;
				MTL_ENABLE_DEBUG_INFO = NO;
				SDKROOT = iphoneos;
				VALIDATE_PRODUCT = YES;
			};
			name = Release;
		};
		EA8F259D1E96F4330099597B /* Debug */ = {
			isa = XCBuildConfiguration;
			buildSettings = {
				ASSETCATALOG_COMPILER_APPICON_NAME = AppIcon;
				INFOPLIST_FILE = UITableViewControlButton/Info.plist;
				LD_RUNPATH_SEARCH_PATHS = "$(inherited) @executable_path/Frameworks";
				PRODUCT_BUNDLE_IDENTIFIER = me.oneofai.UITableViewControlButton;
				PRODUCT_NAME = "$(TARGET_NAME)";
			};
			name = Debug;
		};
		EA8F259E1E96F4330099597B /* Release */ = {
			isa = XCBuildConfiguration;
			buildSettings = {
				ASSETCATALOG_COMPILER_APPICON_NAME = AppIcon;
				INFOPLIST_FILE = UITableViewControlButton/Info.plist;
				LD_RUNPATH_SEARCH_PATHS = "$(inherited) @executable_path/Frameworks";
				PRODUCT_BUNDLE_IDENTIFIER = me.oneofai.UITableViewControlButton;
				PRODUCT_NAME = "$(TARGET_NAME)";
			};
			name = Release;
		};
/* End XCBuildConfiguration section */

/* Begin XCConfigurationList section */
		EA8F25801E96F4330099597B /* Build configuration list for PBXProject "UITableViewControlButton" */ = {
			isa = XCConfigurationList;
			buildConfigurations = (
				EA8F259A1E96F4330099597B /* Debug */,
				EA8F259B1E96F4330099597B /* Release */,
			);
			defaultConfigurationIsVisible = 0;
			defaultConfigurationName = Release;
		};
		EA8F259C1E96F4330099597B /* Build configuration list for PBXNativeTarget "UITableViewControlButton" */ = {
			isa = XCConfigurationList;
			buildConfigurations = (
				EA8F259D1E96F4330099597B /* Debug */,
				EA8F259E1E96F4330099597B /* Release */,
			);
			defaultConfigurationIsVisible = 0;
		};
/* End XCConfigurationList section */
	};
	rootObject = EA8F257D1E96F4330099597B /* Project object */;
}
